
Microsoft Visual Studio Solution File, Format Version 12.00
# Visual Studio Version 17
VisualStudioVersion = 17.2.32616.157
MinimumVisualStudioVersion = 10.0.40219.1
Project("{FAE04EC0-301F-11D3-BF4B-00C04F79EFBC}") = "laba1csharp", "laba1csharp\laba1csharp.csproj", "{B1E9FAFA-E73A-4DBE-BA66-4AA3CAFB2486}"
EndProject
Global
	GlobalSection(SolutionConfigurationPlatforms) = preSolution
		Debug|Any CPU = Debug|Any CPU
		Release|Any CPU = Release|Any CPU
	EndGlobalSection
	GlobalSection(ProjectConfigurationPlatforms) = postSolution
		{B1E9FAFA-E73A-4DBE-BA66-4AA3CAFB2486}.Debug|Any CPU.ActiveCfg = Debug|Any CPU
		{B1E9FAFA-E73A-4DBE-BA66-4AA3CAFB2486}.Debug|Any CPU.Build.0 = Debug|Any CPU
		{B1E9FAFA-E73A-4DBE-BA66-4AA3CAFB2486}.Release|Any CPU.ActiveCfg = Release|Any CPU
		{B1E9FAFA-E73A-4DBE-BA66-4AA3CAFB2486}.Release|Any CPU.Build.0 = Release|Any CPU
	EndGlobalSection
	GlobalSection(SolutionProperties) = preSolution
		HideSolutionNode = FALSE
	EndGlobalSection
	GlobalSection(ExtensibilityGlobals) = postSolution
		SolutionGuid = {4BE2E088-D698-4689-A995-47A7E8B1228E}
	EndGlobalSection
EndGlobal
